{
  "lib/battlechain-lib": {
    "rev": "2da1be38953947f7833d061e9f52ada6e5f42dd4"
  },
  "lib/bc-lib": {
    "rev": "b760d7df51b214b9126df34faa8476a22021e9f8"
  },
  "lib/forge-std": {
    "tag": {
      "name": "v1.15.0",
      "rev": "0844d7e1fc5e60d77b68e469bff60265f236c398"
    }
  },
  "lib/openzeppelin-contracts": {
    "tag": {
      "name": "v5.5.0",
      "rev": "fcbae5394ae8ad52d8e580a3477db99814b9d565"
    }
  },
  "lib/openzeppelin-contracts-v3": {
    "rev": "04695aecbd4d17dddfd55de766d10e3805d6f42f"
  },
  "lib/v3-core": {
    "rev": "dcd8f5bbee54822b7ff58617043db5125fcdd54a"
  },
  "lib/v3-periphery": {
    "rev": "80f26c86c57b8a5e4b913f42844d4c8bd274d058"
  },
  "lib/v4-core": {
    "tag": {
      "name": "v4.0.0",
      "rev": "e50237c43811bd9b526eff40f26772152a42daba"
    }
  }
}